
Microsoft Visual Studio Solution File, Format Version 12.00
# Visual Studio 2013
VisualStudioVersion = 12.0.21005.1
MinimumVisualStudioVersion = 10.0.40219.1
Project("{2150E333-8FDC-42A3-9474-1A3956D46DE8}") = "10.zlsoft.webapp", "10.zlsoft.webapp", "{3A1C59D8-CE53-4643-9AA1-DACBBE67F962}"
EndProject
Project("{2150E333-8FDC-42A3-9474-1A3956D46DE8}") = "09.zlsoft.controllers", "09.zlsoft.controllers", "{DEDF2472-083A-4603-9E88-A5ED4C02E395}"
EndProject
Project("{2150E333-8FDC-42A3-9474-1A3956D46DE8}") = "06.zlsoft.context", "06.zlsoft.context", "{6F8B8BBE-15C7-4AA0-861A-1466072FF609}"
EndProject
Project("{2150E333-8FDC-42A3-9474-1A3956D46DE8}") = "01.zlsoft.pub", "01.zlsoft.pub", "{CCC2FF3F-B604-4115-9786-88B370965742}"
EndProject
Project("{2150E333-8FDC-42A3-9474-1A3956D46DE8}") = "02.zlsoft.model", "02.zlsoft.model", "{2C3933A7-40E5-464B-AC7A-E2D57FDF58DF}"
EndProject
Project("{2150E333-8FDC-42A3-9474-1A3956D46DE8}") = "03.zlsoft.dal", "03.zlsoft.dal", "{9EA59F7E-34D4-413C-A5A1-F4D5A996AFA6}"
EndProject
Project("{FAE04EC0-301F-11D3-BF4B-00C04F79EFBC}") = "ZLSoft.AppContext", "ZLSoft.AppContext\ZLSoft.AppContext.csproj", "{48021C5A-1DDB-49E2-9825-86160AF2E736}"
EndProject
Project("{FAE04EC0-301F-11D3-BF4B-00C04F79EFBC}") = "ZLSoft.Sys", "ZLSoft.Sys\ZLSoft.Sys.csproj", "{19EBD3D1-967A-4094-AB92-F143071FE27F}"
EndProject
Project("{FAE04EC0-301F-11D3-BF4B-00C04F79EFBC}") = "ZLSoft.HrMng", "ZLSoft.HrMng\ZLSoft.HrMng.csproj", "{8D787244-BF70-4515-BF57-4D840926E3F8}"
EndProject
Project("{FAE04EC0-301F-11D3-BF4B-00C04F79EFBC}") = "ZLSoft.Pub", "ZLSoft.Pub\ZLSoft.Pub.csproj", "{FFCB3B7F-F2DC-411F-BB12-950121BD98E7}"
EndProject
Project("{FAE04EC0-301F-11D3-BF4B-00C04F79EFBC}") = "ZLSoft.Model", "ZLSoft.Model\ZLSoft.Model.csproj", "{7C4EDDE6-BAE5-4B6B-8578-38298DAE0A02}"
EndProject
Project("{FAE04EC0-301F-11D3-BF4B-00C04F79EFBC}") = "ZLSoft.DalManager", "ZLSoft.DalManager\ZLSoft.DalManager.csproj", "{FBF63088-7C2C-4C33-93F6-3761B9EF11D2}"
EndProject
Project("{FAE04EC0-301F-11D3-BF4B-00C04F79EFBC}") = "ZLSoft.DataFilterChainManager", "ZLSoft.DataFilterChainManager\ZLSoft.DataFilterChainManager.csproj", "{10A55557-C00E-418E-A9CF-B34D5A6421D8}"
EndProject
Project("{2150E333-8FDC-42A3-9474-1A3956D46DE8}") = ".nuget", ".nuget", "{81843C3A-883D-4457-AB2A-AE9FF15C9965}"
	ProjectSection(SolutionItems) = preProject
		.nuget\packages.config = .nuget\packages.config
	EndProjectSection
EndProject
Project("{2150E333-8FDC-42A3-9474-1A3956D46DE8}") = "13.zlsoft.UnitTest", "13.zlsoft.UnitTest", "{E01EADFA-19F7-4835-92E9-0C6DBC5697DE}"
EndProject
Project("{FAE04EC0-301F-11D3-BF4B-00C04F79EFBC}") = "ZLSoft.UnitTest", "ZLSoft.UnitTest\ZLSoft.UnitTest.csproj", "{123659EC-FC5C-492A-8AD9-1CB1EBE0A1F1}"
EndProject
Project("{FAE04EC0-301F-11D3-BF4B-00C04F79EFBC}") = "ZLSoft.Platform", "ZLSoft.Admin\ZLSoft.Platform.csproj", "{A2CB7074-DC4F-4320-91D5-04E38486568F}"
EndProject
Project("{FAE04EC0-301F-11D3-BF4B-00C04F79EFBC}") = "ZLSoft.Public", "ZLSoft.Public\ZLSoft.Public.csproj", "{C28D909B-2639-4788-AB8E-9B566C24F193}"
EndProject
Project("{2150E333-8FDC-42A3-9474-1A3956D46DE8}") = "05.zlsoft.third", "05.zlsoft.third", "{ED52F7F7-AC20-4475-AB14-F244FC90F70C}"
EndProject
Project("{FAE04EC0-301F-11D3-BF4B-00C04F79EFBC}") = "ZLSoft.ThirdInterface", "ZLSoft.ThirdInterface\ZLSoft.ThirdInterface.csproj", "{E7F4CC6C-3752-49E5-845A-F6626B112ADB}"
EndProject
Project("{FAE04EC0-301F-11D3-BF4B-00C04F79EFBC}") = "ZLSoft.Third", "ZLSoft.Third\ZLSoft.Third.csproj", "{06CF58DD-43E0-42CC-A2C9-61AF0818DE3F}"
EndProject
Project("{2150E333-8FDC-42A3-9474-1A3956D46DE8}") = "04.zlsoft.cache", "04.zlsoft.cache", "{5AD94740-6DB9-4778-8283-A872639641DA}"
EndProject
Project("{FAE04EC0-301F-11D3-BF4B-00C04F79EFBC}") = "ZLSoft.Cache", "ZLSoft.Cache\ZLSoft.Cache.csproj", "{F5C55EF8-AF1A-4116-88F7-38104CB59FE5}"
EndProject
Project("{FAE04EC0-301F-11D3-BF4B-00C04F79EFBC}") = "ZLSoft.ThirdDalManager", "ZLSoft.ThirdDalManager\ZLSoft.ThirdDalManager.csproj", "{7BA099A0-1793-478A-91CB-F23952D945D6}"
EndProject
Project("{2150E333-8FDC-42A3-9474-1A3956D46DE8}") = "11.zlsoft.soa", "11.zlsoft.soa", "{BAFD3722-E65C-4075-9AB5-4BFD2592F5EC}"
EndProject
Project("{FAE04EC0-301F-11D3-BF4B-00C04F79EFBC}") = "ZLSoft.Web.NursePlatform", "ZLSoft.Web.Data\ZLSoft.Web.NursePlatform.csproj", "{651706E3-22A7-4C5B-A95D-780F62B359D6}"
EndProject
Project("{FAE04EC0-301F-11D3-BF4B-00C04F79EFBC}") = "ZLSoft.Soa.ServiceBus", "ZLSoft.Soa.ServiceBus\ZLSoft.Soa.ServiceBus.csproj", "{ABBF7D16-174D-467E-B087-D48267E43629}"
EndProject
Project("{2150E333-8FDC-42A3-9474-1A3956D46DE8}") = "zlsoft.controllers.base", "zlsoft.controllers.base", "{DF374819-5678-4626-94EA-6E89D13A803A}"
EndProject
Project("{2150E333-8FDC-42A3-9474-1A3956D46DE8}") = "zlsoft.dal.base", "zlsoft.dal.base", "{D5DD2688-6D7A-4DB2-9453-D1657619FDA6}"
EndProject
Project("{FAE04EC0-301F-11D3-BF4B-00C04F79EFBC}") = "ZLSoft.HNS.NurseDalManager", "ZLSoft.HNS.NurseDalManager\ZLSoft.HNS.NurseDalManager.csproj", "{B064BE3B-98B6-4DD5-B7D5-698C991DC8E6}"
EndProject
Project("{FAE04EC0-301F-11D3-BF4B-00C04F79EFBC}") = "ZLSoft.HNS.Nurse", "ZLSoft.HNS.Nurse\ZLSoft.HNS.Nurse.csproj", "{69EB8830-5676-4707-8E1A-EE144DF49D33}"
EndProject
Project("{2150E333-8FDC-42A3-9474-1A3956D46DE8}") = "ZLSoft.dal.HNS", "ZLSoft.dal.HNS", "{0FB61F0F-3D2A-4CD2-8F9F-B1214CD4152C}"
EndProject
Global
	GlobalSection(SolutionConfigurationPlatforms) = preSolution
		Debug|Any CPU = Debug|Any CPU
		Debug|Mixed Platforms = Debug|Mixed Platforms
		Debug|x86 = Debug|x86
		Release|Any CPU = Release|Any CPU
		Release|Mixed Platforms = Release|Mixed Platforms
		Release|x86 = Release|x86
	EndGlobalSection
	GlobalSection(ProjectConfigurationPlatforms) = postSolution
		{48021C5A-1DDB-49E2-9825-86160AF2E736}.Debug|Any CPU.ActiveCfg = Debug|Any CPU
		{48021C5A-1DDB-49E2-9825-86160AF2E736}.Debug|Any CPU.Build.0 = Debug|Any CPU
		{48021C5A-1DDB-49E2-9825-86160AF2E736}.Debug|Mixed Platforms.ActiveCfg = Debug|Any CPU
		{48021C5A-1DDB-49E2-9825-86160AF2E736}.Debug|Mixed Platforms.Build.0 = Debug|Any CPU
		{48021C5A-1DDB-49E2-9825-86160AF2E736}.Debug|x86.ActiveCfg = Debug|Any CPU
		{48021C5A-1DDB-49E2-9825-86160AF2E736}.Release|Any CPU.ActiveCfg = Release|Any CPU
		{48021C5A-1DDB-49E2-9825-86160AF2E736}.Release|Any CPU.Build.0 = Release|Any CPU
		{48021C5A-1DDB-49E2-9825-86160AF2E736}.Release|Mixed Platforms.ActiveCfg = Release|Any CPU
		{48021C5A-1DDB-49E2-9825-86160AF2E736}.Release|Mixed Platforms.Build.0 = Release|Any CPU
		{48021C5A-1DDB-49E2-9825-86160AF2E736}.Release|x86.ActiveCfg = Release|Any CPU
		{19EBD3D1-967A-4094-AB92-F143071FE27F}.Debug|Any CPU.ActiveCfg = Debug|Any CPU
		{19EBD3D1-967A-4094-AB92-F143071FE27F}.Debug|Any CPU.Build.0 = Debug|Any CPU
		{19EBD3D1-967A-4094-AB92-F143071FE27F}.Debug|Mixed Platforms.ActiveCfg = Debug|Any CPU
		{19EBD3D1-967A-4094-AB92-F143071FE27F}.Debug|Mixed Platforms.Build.0 = Debug|Any CPU
		{19EBD3D1-967A-4094-AB92-F143071FE27F}.Debug|x86.ActiveCfg = Debug|Any CPU
		{19EBD3D1-967A-4094-AB92-F143071FE27F}.Release|Any CPU.ActiveCfg = Release|Any CPU
		{19EBD3D1-967A-4094-AB92-F143071FE27F}.Release|Any CPU.Build.0 = Release|Any CPU
		{19EBD3D1-967A-4094-AB92-F143071FE27F}.Release|Mixed Platforms.ActiveCfg = Release|Any CPU
		{19EBD3D1-967A-4094-AB92-F143071FE27F}.Release|Mixed Platforms.Build.0 = Release|Any CPU
		{19EBD3D1-967A-4094-AB92-F143071FE27F}.Release|x86.ActiveCfg = Release|Any CPU
		{8D787244-BF70-4515-BF57-4D840926E3F8}.Debug|Any CPU.ActiveCfg = Debug|Any CPU
		{8D787244-BF70-4515-BF57-4D840926E3F8}.Debug|Any CPU.Build.0 = Debug|Any CPU
		{8D787244-BF70-4515-BF57-4D840926E3F8}.Debug|Mixed Platforms.ActiveCfg = Debug|Any CPU
		{8D787244-BF70-4515-BF57-4D840926E3F8}.Debug|Mixed Platforms.Build.0 = Debug|Any CPU
		{8D787244-BF70-4515-BF57-4D840926E3F8}.Debug|x86.ActiveCfg = Debug|Any CPU
		{8D787244-BF70-4515-BF57-4D840926E3F8}.Release|Any CPU.ActiveCfg = Release|Any CPU
		{8D787244-BF70-4515-BF57-4D840926E3F8}.Release|Any CPU.Build.0 = Release|Any CPU
		{8D787244-BF70-4515-BF57-4D840926E3F8}.Release|Mixed Platforms.ActiveCfg = Release|Any CPU
		{8D787244-BF70-4515-BF57-4D840926E3F8}.Release|Mixed Platforms.Build.0 = Release|Any CPU
		{8D787244-BF70-4515-BF57-4D840926E3F8}.Release|x86.ActiveCfg = Release|Any CPU
		{FFCB3B7F-F2DC-411F-BB12-950121BD98E7}.Debug|Any CPU.ActiveCfg = Debug|Any CPU
		{FFCB3B7F-F2DC-411F-BB12-950121BD98E7}.Debug|Any CPU.Build.0 = Debug|Any CPU
		{FFCB3B7F-F2DC-411F-BB12-950121BD98E7}.Debug|Mixed Platforms.ActiveCfg = Debug|Any CPU
		{FFCB3B7F-F2DC-411F-BB12-950121BD98E7}.Debug|Mixed Platforms.Build.0 = Debug|Any CPU
		{FFCB3B7F-F2DC-411F-BB12-950121BD98E7}.Debug|x86.ActiveCfg = Debug|Any CPU
		{FFCB3B7F-F2DC-411F-BB12-950121BD98E7}.Release|Any CPU.ActiveCfg = Release|Any CPU
		{FFCB3B7F-F2DC-411F-BB12-950121BD98E7}.Release|Any CPU.Build.0 = Release|Any CPU
		{FFCB3B7F-F2DC-411F-BB12-950121BD98E7}.Release|Mixed Platforms.ActiveCfg = Release|Any CPU
		{FFCB3B7F-F2DC-411F-BB12-950121BD98E7}.Release|Mixed Platforms.Build.0 = Release|Any CPU
		{FFCB3B7F-F2DC-411F-BB12-950121BD98E7}.Release|x86.ActiveCfg = Release|Any CPU
		{7C4EDDE6-BAE5-4B6B-8578-38298DAE0A02}.Debug|Any CPU.ActiveCfg = Debug|Any CPU
		{7C4EDDE6-BAE5-4B6B-8578-38298DAE0A02}.Debug|Any CPU.Build.0 = Debug|Any CPU
		{7C4EDDE6-BAE5-4B6B-8578-38298DAE0A02}.Debug|Mixed Platforms.ActiveCfg = Debug|Any CPU
		{7C4EDDE6-BAE5-4B6B-8578-38298DAE0A02}.Debug|Mixed Platforms.Build.0 = Debug|Any CPU
		{7C4EDDE6-BAE5-4B6B-8578-38298DAE0A02}.Debug|x86.ActiveCfg = Debug|Any CPU
		{7C4EDDE6-BAE5-4B6B-8578-38298DAE0A02}.Release|Any CPU.ActiveCfg = Release|Any CPU
		{7C4EDDE6-BAE5-4B6B-8578-38298DAE0A02}.Release|Any CPU.Build.0 = Release|Any CPU
		{7C4EDDE6-BAE5-4B6B-8578-38298DAE0A02}.Release|Mixed Platforms.ActiveCfg = Release|Any CPU
		{7C4EDDE6-BAE5-4B6B-8578-38298DAE0A02}.Release|Mixed Platforms.Build.0 = Release|Any CPU
		{7C4EDDE6-BAE5-4B6B-8578-38298DAE0A02}.Release|x86.ActiveCfg = Release|Any CPU
		{FBF63088-7C2C-4C33-93F6-3761B9EF11D2}.Debug|Any CPU.ActiveCfg = Debug|Any CPU
		{FBF63088-7C2C-4C33-93F6-3761B9EF11D2}.Debug|Any CPU.Build.0 = Debug|Any CPU
		{FBF63088-7C2C-4C33-93F6-3761B9EF11D2}.Debug|Mixed Platforms.ActiveCfg = Debug|Any CPU
		{FBF63088-7C2C-4C33-93F6-3761B9EF11D2}.Debug|Mixed Platforms.Build.0 = Debug|Any CPU
		{FBF63088-7C2C-4C33-93F6-3761B9EF11D2}.Debug|x86.ActiveCfg = Debug|Any CPU
		{FBF63088-7C2C-4C33-93F6-3761B9EF11D2}.Release|Any CPU.ActiveCfg = Release|Any CPU
		{FBF63088-7C2C-4C33-93F6-3761B9EF11D2}.Release|Any CPU.Build.0 = Release|Any CPU
		{FBF63088-7C2C-4C33-93F6-3761B9EF11D2}.Release|Mixed Platforms.ActiveCfg = Release|Any CPU
		{FBF63088-7C2C-4C33-93F6-3761B9EF11D2}.Release|Mixed Platforms.Build.0 = Release|Any CPU
		{FBF63088-7C2C-4C33-93F6-3761B9EF11D2}.Release|x86.ActiveCfg = Release|Any CPU
		{10A55557-C00E-418E-A9CF-B34D5A6421D8}.Debug|Any CPU.ActiveCfg = Debug|Any CPU
		{10A55557-C00E-418E-A9CF-B34D5A6421D8}.Debug|Any CPU.Build.0 = Debug|Any CPU
		{10A55557-C00E-418E-A9CF-B34D5A6421D8}.Debug|Mixed Platforms.ActiveCfg = Debug|Any CPU
		{10A55557-C00E-418E-A9CF-B34D5A6421D8}.Debug|Mixed Platforms.Build.0 = Debug|Any CPU
		{10A55557-C00E-418E-A9CF-B34D5A6421D8}.Debug|x86.ActiveCfg = Debug|Any CPU
		{10A55557-C00E-418E-A9CF-B34D5A6421D8}.Release|Any CPU.ActiveCfg = Release|Any CPU
		{10A55557-C00E-418E-A9CF-B34D5A6421D8}.Release|Any CPU.Build.0 = Release|Any CPU
		{10A55557-C00E-418E-A9CF-B34D5A6421D8}.Release|Mixed Platforms.ActiveCfg = Release|Any CPU
		{10A55557-C00E-418E-A9CF-B34D5A6421D8}.Release|Mixed Platforms.Build.0 = Release|Any CPU
		{10A55557-C00E-418E-A9CF-B34D5A6421D8}.Release|x86.ActiveCfg = Release|Any CPU
		{123659EC-FC5C-492A-8AD9-1CB1EBE0A1F1}.Debug|Any CPU.ActiveCfg = Debug|Any CPU
		{123659EC-FC5C-492A-8AD9-1CB1EBE0A1F1}.Debug|Any CPU.Build.0 = Debug|Any CPU
		{123659EC-FC5C-492A-8AD9-1CB1EBE0A1F1}.Debug|Mixed Platforms.ActiveCfg = Debug|Any CPU
		{123659EC-FC5C-492A-8AD9-1CB1EBE0A1F1}.Debug|Mixed Platforms.Build.0 = Debug|Any CPU
		{123659EC-FC5C-492A-8AD9-1CB1EBE0A1F1}.Debug|x86.ActiveCfg = Debug|Any CPU
		{123659EC-FC5C-492A-8AD9-1CB1EBE0A1F1}.Release|Any CPU.ActiveCfg = Release|Any CPU
		{123659EC-FC5C-492A-8AD9-1CB1EBE0A1F1}.Release|Any CPU.Build.0 = Release|Any CPU
		{123659EC-FC5C-492A-8AD9-1CB1EBE0A1F1}.Release|Mixed Platforms.ActiveCfg = Release|Any CPU
		{123659EC-FC5C-492A-8AD9-1CB1EBE0A1F1}.Release|Mixed Platforms.Build.0 = Release|Any CPU
		{123659EC-FC5C-492A-8AD9-1CB1EBE0A1F1}.Release|x86.ActiveCfg = Release|Any CPU
		{A2CB7074-DC4F-4320-91D5-04E38486568F}.Debug|Any CPU.ActiveCfg = Debug|Any CPU
		{A2CB7074-DC4F-4320-91D5-04E38486568F}.Debug|Any CPU.Build.0 = Debug|Any CPU
		{A2CB7074-DC4F-4320-91D5-04E38486568F}.Debug|Mixed Platforms.ActiveCfg = Debug|Any CPU
		{A2CB7074-DC4F-4320-91D5-04E38486568F}.Debug|Mixed Platforms.Build.0 = Debug|Any CPU
		{A2CB7074-DC4F-4320-91D5-04E38486568F}.Debug|x86.ActiveCfg = Debug|Any CPU
		{A2CB7074-DC4F-4320-91D5-04E38486568F}.Release|Any CPU.ActiveCfg = Release|Any CPU
		{A2CB7074-DC4F-4320-91D5-04E38486568F}.Release|Any CPU.Build.0 = Release|Any CPU
		{A2CB7074-DC4F-4320-91D5-04E38486568F}.Release|Mixed Platforms.ActiveCfg = Release|Any CPU
		{A2CB7074-DC4F-4320-91D5-04E38486568F}.Release|Mixed Platforms.Build.0 = Release|Any CPU
		{A2CB7074-DC4F-4320-91D5-04E38486568F}.Release|x86.ActiveCfg = Release|Any CPU
		{C28D909B-2639-4788-AB8E-9B566C24F193}.Debug|Any CPU.ActiveCfg = Debug|Any CPU
		{C28D909B-2639-4788-AB8E-9B566C24F193}.Debug|Any CPU.Build.0 = Debug|Any CPU
		{C28D909B-2639-4788-AB8E-9B566C24F193}.Debug|Mixed Platforms.ActiveCfg = Debug|Any CPU
		{C28D909B-2639-4788-AB8E-9B566C24F193}.Debug|Mixed Platforms.Build.0 = Debug|Any CPU
		{C28D909B-2639-4788-AB8E-9B566C24F193}.Debug|x86.ActiveCfg = Debug|Any CPU
		{C28D909B-2639-4788-AB8E-9B566C24F193}.Release|Any CPU.ActiveCfg = Release|Any CPU
		{C28D909B-2639-4788-AB8E-9B566C24F193}.Release|Any CPU.Build.0 = Release|Any CPU
		{C28D909B-2639-4788-AB8E-9B566C24F193}.Release|Mixed Platforms.ActiveCfg = Release|Any CPU
		{C28D909B-2639-4788-AB8E-9B566C24F193}.Release|Mixed Platforms.Build.0 = Release|Any CPU
		{C28D909B-2639-4788-AB8E-9B566C24F193}.Release|x86.ActiveCfg = Release|Any CPU
		{E7F4CC6C-3752-49E5-845A-F6626B112ADB}.Debug|Any CPU.ActiveCfg = Debug|Any CPU
		{E7F4CC6C-3752-49E5-845A-F6626B112ADB}.Debug|Any CPU.Build.0 = Debug|Any CPU
		{E7F4CC6C-3752-49E5-845A-F6626B112ADB}.Debug|Mixed Platforms.ActiveCfg = Debug|Any CPU
		{E7F4CC6C-3752-49E5-845A-F6626B112ADB}.Debug|Mixed Platforms.Build.0 = Debug|Any CPU
		{E7F4CC6C-3752-49E5-845A-F6626B112ADB}.Debug|x86.ActiveCfg = Debug|Any CPU
		{E7F4CC6C-3752-49E5-845A-F6626B112ADB}.Release|Any CPU.ActiveCfg = Release|Any CPU
		{E7F4CC6C-3752-49E5-845A-F6626B112ADB}.Release|Any CPU.Build.0 = Release|Any CPU
		{E7F4CC6C-3752-49E5-845A-F6626B112ADB}.Release|Mixed Platforms.ActiveCfg = Release|Any CPU
		{E7F4CC6C-3752-49E5-845A-F6626B112ADB}.Release|Mixed Platforms.Build.0 = Release|Any CPU
		{E7F4CC6C-3752-49E5-845A-F6626B112ADB}.Release|x86.ActiveCfg = Release|Any CPU
		{06CF58DD-43E0-42CC-A2C9-61AF0818DE3F}.Debug|Any CPU.ActiveCfg = Debug|Any CPU
		{06CF58DD-43E0-42CC-A2C9-61AF0818DE3F}.Debug|Any CPU.Build.0 = Debug|Any CPU
		{06CF58DD-43E0-42CC-A2C9-61AF0818DE3F}.Debug|Mixed Platforms.ActiveCfg = Debug|Any CPU
		{06CF58DD-43E0-42CC-A2C9-61AF0818DE3F}.Debug|Mixed Platforms.Build.0 = Debug|Any CPU
		{06CF58DD-43E0-42CC-A2C9-61AF0818DE3F}.Debug|x86.ActiveCfg = Debug|Any CPU
		{06CF58DD-43E0-42CC-A2C9-61AF0818DE3F}.Release|Any CPU.ActiveCfg = Release|Any CPU
		{06CF58DD-43E0-42CC-A2C9-61AF0818DE3F}.Release|Any CPU.Build.0 = Release|Any CPU
		{06CF58DD-43E0-42CC-A2C9-61AF0818DE3F}.Release|Mixed Platforms.ActiveCfg = Release|Any CPU
		{06CF58DD-43E0-42CC-A2C9-61AF0818DE3F}.Release|Mixed Platforms.Build.0 = Release|Any CPU
		{06CF58DD-43E0-42CC-A2C9-61AF0818DE3F}.Release|x86.ActiveCfg = Release|Any CPU
		{F5C55EF8-AF1A-4116-88F7-38104CB59FE5}.Debug|Any CPU.ActiveCfg = Debug|Any CPU
		{F5C55EF8-AF1A-4116-88F7-38104CB59FE5}.Debug|Any CPU.Build.0 = Debug|Any CPU
		{F5C55EF8-AF1A-4116-88F7-38104CB59FE5}.Debug|Mixed Platforms.ActiveCfg = Debug|Any CPU
		{F5C55EF8-AF1A-4116-88F7-38104CB59FE5}.Debug|Mixed Platforms.Build.0 = Debug|Any CPU
		{F5C55EF8-AF1A-4116-88F7-38104CB59FE5}.Debug|x86.ActiveCfg = Debug|Any CPU
		{F5C55EF8-AF1A-4116-88F7-38104CB59FE5}.Release|Any CPU.ActiveCfg = Release|Any CPU
		{F5C55EF8-AF1A-4116-88F7-38104CB59FE5}.Release|Any CPU.Build.0 = Release|Any CPU
		{F5C55EF8-AF1A-4116-88F7-38104CB59FE5}.Release|Mixed Platforms.ActiveCfg = Release|Any CPU
		{F5C55EF8-AF1A-4116-88F7-38104CB59FE5}.Release|Mixed Platforms.Build.0 = Release|Any CPU
		{F5C55EF8-AF1A-4116-88F7-38104CB59FE5}.Release|x86.ActiveCfg = Release|Any CPU
		{7BA099A0-1793-478A-91CB-F23952D945D6}.Debug|Any CPU.ActiveCfg = Debug|Any CPU
		{7BA099A0-1793-478A-91CB-F23952D945D6}.Debug|Any CPU.Build.0 = Debug|Any CPU
		{7BA099A0-1793-478A-91CB-F23952D945D6}.Debug|Mixed Platforms.ActiveCfg = Debug|Any CPU
		{7BA099A0-1793-478A-91CB-F23952D945D6}.Debug|Mixed Platforms.Build.0 = Debug|Any CPU
		{7BA099A0-1793-478A-91CB-F23952D945D6}.Debug|x86.ActiveCfg = Debug|Any CPU
		{7BA099A0-1793-478A-91CB-F23952D945D6}.Release|Any CPU.ActiveCfg = Release|Any CPU
		{7BA099A0-1793-478A-91CB-F23952D945D6}.Release|Any CPU.Build.0 = Release|Any CPU
		{7BA099A0-1793-478A-91CB-F23952D945D6}.Release|Mixed Platforms.ActiveCfg = Release|Any CPU
		{7BA099A0-1793-478A-91CB-F23952D945D6}.Release|Mixed Platforms.Build.0 = Release|Any CPU
		{7BA099A0-1793-478A-91CB-F23952D945D6}.Release|x86.ActiveCfg = Release|Any CPU
		{651706E3-22A7-4C5B-A95D-780F62B359D6}.Debug|Any CPU.ActiveCfg = Debug|Any CPU
		{651706E3-22A7-4C5B-A95D-780F62B359D6}.Debug|Any CPU.Build.0 = Debug|Any CPU
		{651706E3-22A7-4C5B-A95D-780F62B359D6}.Debug|Mixed Platforms.ActiveCfg = Debug|Any CPU
		{651706E3-22A7-4C5B-A95D-780F62B359D6}.Debug|Mixed Platforms.Build.0 = Debug|Any CPU
		{651706E3-22A7-4C5B-A95D-780F62B359D6}.Debug|x86.ActiveCfg = Debug|Any CPU
		{651706E3-22A7-4C5B-A95D-780F62B359D6}.Release|Any CPU.ActiveCfg = Release|Any CPU
		{651706E3-22A7-4C5B-A95D-780F62B359D6}.Release|Any CPU.Build.0 = Release|Any CPU
		{651706E3-22A7-4C5B-A95D-780F62B359D6}.Release|Mixed Platforms.ActiveCfg = Release|Any CPU
		{651706E3-22A7-4C5B-A95D-780F62B359D6}.Release|Mixed Platforms.Build.0 = Release|Any CPU
		{651706E3-22A7-4C5B-A95D-780F62B359D6}.Release|x86.ActiveCfg = Release|Any CPU
		{ABBF7D16-174D-467E-B087-D48267E43629}.Debug|Any CPU.ActiveCfg = Debug|Any CPU
		{ABBF7D16-174D-467E-B087-D48267E43629}.Debug|Any CPU.Build.0 = Debug|Any CPU
		{ABBF7D16-174D-467E-B087-D48267E43629}.Debug|Mixed Platforms.ActiveCfg = Debug|Any CPU
		{ABBF7D16-174D-467E-B087-D48267E43629}.Debug|Mixed Platforms.Build.0 = Debug|Any CPU
		{ABBF7D16-174D-467E-B087-D48267E43629}.Debug|x86.ActiveCfg = Debug|Any CPU
		{ABBF7D16-174D-467E-B087-D48267E43629}.Release|Any CPU.ActiveCfg = Release|Any CPU
		{ABBF7D16-174D-467E-B087-D48267E43629}.Release|Any CPU.Build.0 = Release|Any CPU
		{ABBF7D16-174D-467E-B087-D48267E43629}.Release|Mixed Platforms.ActiveCfg = Release|Any CPU
		{ABBF7D16-174D-467E-B087-D48267E43629}.Release|Mixed Platforms.Build.0 = Release|Any CPU
		{ABBF7D16-174D-467E-B087-D48267E43629}.Release|x86.ActiveCfg = Release|Any CPU
		{B064BE3B-98B6-4DD5-B7D5-698C991DC8E6}.Debug|Any CPU.ActiveCfg = Debug|Any CPU
		{B064BE3B-98B6-4DD5-B7D5-698C991DC8E6}.Debug|Any CPU.Build.0 = Debug|Any CPU
		{B064BE3B-98B6-4DD5-B7D5-698C991DC8E6}.Debug|Mixed Platforms.ActiveCfg = Debug|Any CPU
		{B064BE3B-98B6-4DD5-B7D5-698C991DC8E6}.Debug|Mixed Platforms.Build.0 = Debug|Any CPU
		{B064BE3B-98B6-4DD5-B7D5-698C991DC8E6}.Debug|x86.ActiveCfg = Debug|Any CPU
		{B064BE3B-98B6-4DD5-B7D5-698C991DC8E6}.Release|Any CPU.ActiveCfg = Release|Any CPU
		{B064BE3B-98B6-4DD5-B7D5-698C991DC8E6}.Release|Any CPU.Build.0 = Release|Any CPU
		{B064BE3B-98B6-4DD5-B7D5-698C991DC8E6}.Release|Mixed Platforms.ActiveCfg = Release|Any CPU
		{B064BE3B-98B6-4DD5-B7D5-698C991DC8E6}.Release|Mixed Platforms.Build.0 = Release|Any CPU
		{B064BE3B-98B6-4DD5-B7D5-698C991DC8E6}.Release|x86.ActiveCfg = Release|Any CPU
		{69EB8830-5676-4707-8E1A-EE144DF49D33}.Debug|Any CPU.ActiveCfg = Debug|Any CPU
		{69EB8830-5676-4707-8E1A-EE144DF49D33}.Debug|Any CPU.Build.0 = Debug|Any CPU
		{69EB8830-5676-4707-8E1A-EE144DF49D33}.Debug|Mixed Platforms.ActiveCfg = Debug|Any CPU
		{69EB8830-5676-4707-8E1A-EE144DF49D33}.Debug|Mixed Platforms.Build.0 = Debug|Any CPU
		{69EB8830-5676-4707-8E1A-EE144DF49D33}.Debug|x86.ActiveCfg = Debug|Any CPU
		{69EB8830-5676-4707-8E1A-EE144DF49D33}.Release|Any CPU.ActiveCfg = Release|Any CPU
		{69EB8830-5676-4707-8E1A-EE144DF49D33}.Release|Any CPU.Build.0 = Release|Any CPU
		{69EB8830-5676-4707-8E1A-EE144DF49D33}.Release|Mixed Platforms.ActiveCfg = Release|Any CPU
		{69EB8830-5676-4707-8E1A-EE144DF49D33}.Release|Mixed Platforms.Build.0 = Release|Any CPU
		{69EB8830-5676-4707-8E1A-EE144DF49D33}.Release|x86.ActiveCfg = Release|Any CPU
	EndGlobalSection
	GlobalSection(SolutionProperties) = preSolution
		HideSolutionNode = FALSE
	EndGlobalSection
	GlobalSection(NestedProjects) = preSolution
		{651706E3-22A7-4C5B-A95D-780F62B359D6} = {3A1C59D8-CE53-4643-9AA1-DACBBE67F962}
		{DF374819-5678-4626-94EA-6E89D13A803A} = {DEDF2472-083A-4603-9E88-A5ED4C02E395}
		{48021C5A-1DDB-49E2-9825-86160AF2E736} = {6F8B8BBE-15C7-4AA0-861A-1466072FF609}
		{FFCB3B7F-F2DC-411F-BB12-950121BD98E7} = {CCC2FF3F-B604-4115-9786-88B370965742}
		{7C4EDDE6-BAE5-4B6B-8578-38298DAE0A02} = {2C3933A7-40E5-464B-AC7A-E2D57FDF58DF}
		{D5DD2688-6D7A-4DB2-9453-D1657619FDA6} = {9EA59F7E-34D4-413C-A5A1-F4D5A996AFA6}
		{0FB61F0F-3D2A-4CD2-8F9F-B1214CD4152C} = {9EA59F7E-34D4-413C-A5A1-F4D5A996AFA6}
		{8D787244-BF70-4515-BF57-4D840926E3F8} = {DF374819-5678-4626-94EA-6E89D13A803A}
		{A2CB7074-DC4F-4320-91D5-04E38486568F} = {DF374819-5678-4626-94EA-6E89D13A803A}
		{C28D909B-2639-4788-AB8E-9B566C24F193} = {DF374819-5678-4626-94EA-6E89D13A803A}
		{06CF58DD-43E0-42CC-A2C9-61AF0818DE3F} = {DF374819-5678-4626-94EA-6E89D13A803A}
		{19EBD3D1-967A-4094-AB92-F143071FE27F} = {DF374819-5678-4626-94EA-6E89D13A803A}
		{69EB8830-5676-4707-8E1A-EE144DF49D33} = {DF374819-5678-4626-94EA-6E89D13A803A}
		{10A55557-C00E-418E-A9CF-B34D5A6421D8} = {D5DD2688-6D7A-4DB2-9453-D1657619FDA6}
		{7BA099A0-1793-478A-91CB-F23952D945D6} = {D5DD2688-6D7A-4DB2-9453-D1657619FDA6}
		{FBF63088-7C2C-4C33-93F6-3761B9EF11D2} = {D5DD2688-6D7A-4DB2-9453-D1657619FDA6}
		{123659EC-FC5C-492A-8AD9-1CB1EBE0A1F1} = {E01EADFA-19F7-4835-92E9-0C6DBC5697DE}
		{E7F4CC6C-3752-49E5-845A-F6626B112ADB} = {BAFD3722-E65C-4075-9AB5-4BFD2592F5EC}
		{ABBF7D16-174D-467E-B087-D48267E43629} = {BAFD3722-E65C-4075-9AB5-4BFD2592F5EC}
		{F5C55EF8-AF1A-4116-88F7-38104CB59FE5} = {5AD94740-6DB9-4778-8283-A872639641DA}
		{B064BE3B-98B6-4DD5-B7D5-698C991DC8E6} = {0FB61F0F-3D2A-4CD2-8F9F-B1214CD4152C}
	EndGlobalSection
	GlobalSection(SubversionScc) = preSolution
		Svn-Managed = True
		Manager = AnkhSVN - Subversion Support for Visual Studio
	EndGlobalSection
EndGlobal
